// !$*UTF8*$!
{
	archiveVersion = 1;
	classes = {
	};
	objectVersion = 46;
	objects = {

/* Begin PBXBuildFile section */
		6687A2471C2CEB6F00D9C878 /* main.m in Sources */ = {isa = PBXBuildFile; fileRef = 6687A2461C2CEB6F00D9C878 /* main.m */; };
		6687A24A1C2CEB6F00D9C878 /* AppDelegate.m in Sources */ = {isa = PBXBuildFile; fileRef = 6687A2491C2CEB6F00D9C878 /* AppDelegate.m */; };
		6687A2501C2CEB6F00D9C878 /* Main.storyboard in Resources */ = {isa = PBXBuildFile; fileRef = 6687A24E1C2CEB6F00D9C878 /* Main.storyboard */; };
		6687A2521C2CEB6F00D9C878 /* Assets.xcassets in Resources */ = {isa = PBXBuildFile; fileRef = 6687A2511C2CEB6F00D9C878 /* Assets.xcassets */; };
		6687A2551C2CEB6F00D9C878 /* LaunchScreen.storyboard in Resources */ = {isa = PBXBuildFile; fileRef = 6687A2531C2CEB6F00D9C878 /* LaunchScreen.storyboard */; };
		6687A25E1C2CEBEA00D9C878 /* TestTableViewController.m in Sources */ = {isa = PBXBuildFile; fileRef = 6687A25D1C2CEBEA00D9C878 /* TestTableViewController.m */; };
/* End PBXBuildFile section */

/* Begin PBXFileReference section */
		6687A2421C2CEB6F00D9C878 /* TestGroup.app */ = {isa = PBXFileReference; explicitFileType = wrapper.application; includeInIndex = 0; path = TestGroup.app; sourceTree = BUILT_PRODUCTS_DIR; };
		6687A2461C2CEB6F00D9C878 /* main.m */ = {isa = PBXFileReference; lastKnownFileType = sourcecode.c.objc; path = main.m; sourceTree = "<group>"; };
		6687A2481C2CEB6F00D9C878 /* AppDelegate.h */ = {isa = PBXFileReference; lastKnownFileType = sourcecode.c.h; path = AppDelegate.h; sourceTree = "<group>"; };
		6687A2491C2CEB6F00D9C878 /* AppDelegate.m */ = {isa = PBXFileReference; lastKnownFileType = sourcecode.c.objc; path = AppDelegate.m; sourceTree = "<group>"; };
		6687A24F1C2CEB6F00D9C878 /* Base */ = {isa = PBXFileReference; lastKnownFileType = file.storyboard; name = Base; path = Base.lproj/Main.storyboard; sourceTree = "<group>"; };
		6687A2511C2CEB6F00D9C878 /* Assets.xcassets */ = {isa = PBXFileReference; lastKnownFileType = folder.assetcatalog; path = Assets.xcassets; sourceTree = "<group>"; };
		6687A2541C2CEB6F00D9C878 /* Base */ = {isa = PBXFileReference; lastKnownFileType = file.storyboard; name = Base; path = Base.lproj/LaunchScreen.storyboard; sourceTree = "<group>"; };
		6687A2561C2CEB6F00D9C878 /* Info.plist */ = {isa = PBXFileReference; lastKnownFileType = text.plist.xml; path = Info.plist; sourceTree = "<group>"; };
		6687A25C1C2CEBEA00D9C878 /* TestTableViewController.h */ = {isa = PBXFileReference; fileEncoding = 4; lastKnownFileType = sourcecode.c.h; path = TestTableViewController.h; sourceTree = "<group>"; };
		6687A25D1C2CEBEA00D9C878 /* TestTableViewController.m */ = {isa = PBXFileReference; fileEncoding = 4; lastKnownFileType = sourcecode.c.objc; path = TestTableViewController.m; sourceTree = "<group>"; };
/* End PBXFileReference section */

/* Begin PBXFrameworksBuildPhase section */
		6687A23F1C2CEB6F00D9C878 /* Frameworks */ = {
			isa = PBXFrameworksBuildPhase;
			buildActionMask = 2147483647;
			files = (
			);
			runOnlyForDeploymentPostprocessing = 0;
		};
/* End PBXFrameworksBuildPhase section */

/* Begin PBXGroup section */
		6687A2391C2CEB6F00D9C878 = {
			isa = PBXGroup;
			children = (
				6687A2441C2CEB6F00D9C878 /* TestGroup */,
				6687A2431C2CEB6F00D9C878 /* Products */,
			);
			sourceTree = "<group>";
		};
		6687A2431C2CEB6F00D9C878 /* Products */ = {
			isa = PBXGroup;
			children = (
				6687A2421C2CEB6F00D9C878 /* TestGroup.app */,
			);
			name = Products;
			sourceTree = "<group>";
		};
		6687A2441C2CEB6F00D9C878 /* TestGroup */ = {
			isa = PBXGroup;
			children = (
				6687A2481C2CEB6F00D9C878 /* AppDelegate.h */,
				6687A2491C2CEB6F00D9C878 /* AppDelegate.m */,
				6687A25C1C2CEBEA00D9C878 /* TestTableViewController.h */,
				6687A25D1C2CEBEA00D9C878 /* TestTableViewController.m */,
				6687A24E1C2CEB6F00D9C878 /* Main.storyboard */,
				6687A2511C2CEB6F00D9C878 /* Assets.xcassets */,
				6687A2531C2CEB6F00D9C878 /* LaunchScreen.storyboard */,
				6687A2561C2CEB6F00D9C878 /* Info.plist */,
				6687A2451C2CEB6F00D9C878 /* Supporting Files */,
			);
			path = TestGroup;
			sourceTree = "<group>";
		};
		6687A2451C2CEB6F00D9C878 /* Supporting Files */ = {
			isa = PBXGroup;
			children = (
				6687A2461C2CEB6F00D9C878 /* main.m */,
			);
			name = "Supporting Files";
			sourceTree = "<group>";
		};
/* End PBXGroup section */

/* Begin PBXNativeTarget section */
		6687A2411C2CEB6F00D9C878 /* TestGroup */ = {
			isa = PBXNativeTarget;
			buildConfigurationList = 6687A2591C2CEB6F00D9C878 /* Build configuration list for PBXNativeTarget "TestGroup" */;
			buildPhases = (
				6687A23E1C2CEB6F00D9C878 /* Sources */,
				6687A23F1C2CEB6F00D9C878 /* Frameworks */,
				6687A2401C2CEB6F00D9C878 /* Resources */,
			);
			buildRules = (
			);
			dependencies = (
			);
			name = TestGroup;
			productName = TestGroup;
			productReference = 6687A2421C2CEB6F00D9C878 /* TestGroup.app */;
			productType = "com.apple.product-type.application";
		};
/* End PBXNativeTarget section */

/* Begin PBXProject section */
		6687A23A1C2CEB6F00D9C878 /* Project object */ = {
			isa = PBXProject;
			attributes = {
				LastUpgradeCheck = 0720;
				ORGANIZATIONNAME = huangyanan;
				TargetAttributes = {
					6687A2411C2CEB6F00D9C878 = {
						CreatedOnToolsVersion = 7.2;
					};
				};
			};
			buildConfigurationList = 6687A23D1C2CEB6F00D9C878 /* Build configuration list for PBXProject "TestGroup" */;
			compatibilityVersion = "Xcode 3.2";
			developmentRegion = English;
			hasScannedForEncodings = 0;
			knownRegions = (
				en,
				Base,
			);
			mainGroup = 6687A2391C2CEB6F00D9C878;
			productRefGroup = 6687A2431C2CEB6F00D9C878 /* Products */;
			projectDirPath = "";
			projectRoot = "";
			targets = (
				6687A2411C2CEB6F00D9C878 /* TestGroup */,
			);
		};
/* End PBXProject section */

/* Begin PBXResourcesBuildPhase section */
		6687A2401C2CEB6F00D9C878 /* Resources */ = {
			isa = PBXResourcesBuildPhase;
			buildActionMask = 2147483647;
			files = (
				6687A2551C2CEB6F00D9C878 /* LaunchScreen.storyboard in Resources */,
				6687A2521C2CEB6F00D9C878 /* Assets.xcassets in Resources */,
				6687A2501C2CEB6F00D9C878 /* Main.storyboard in Resources */,
			);
			runOnlyForDeploymentPostprocessing = 0;
		};
/* End PBXResourcesBuildPhase section */

/* Begin PBXSourcesBuildPhase section */
		6687A23E1C2CEB6F00D9C878 /* Sources */ = {
			isa = PBXSourcesBuildPhase;
			buildActionMask = 2147483647;
			files = (
				6687A24A1C2CEB6F00D9C878 /* AppDelegate.m in Sources */,
				6687A2471C2CEB6F00D9C878 /* main.m in Sources */,
				6687A25E1C2CEBEA00D9C878 /* TestTableViewController.m in Sources */,
			);
			runOnlyForDeploymentPostprocessing = 0;
		};
/* End PBXSourcesBuildPhase section */

/* Begin PBXVariantGroup section */
		6687A24E1C2CEB6F00D9C878 /* Main.storyboard */ = {
			isa = PBXVariantGroup;
			children = (
				6687A24F1C2CEB6F00D9C878 /* Base */,
			);
			name = Main.storyboard;
			sourceTree = "<group>";
		};
		6687A2531C2CEB6F00D9C878 /* LaunchScreen.storyboard */ = {
			isa = PBXVariantGroup;
			children = (
				6687A2541C2CEB6F00D9C878 /* Base */,
			);
			name = LaunchScreen.storyboard;
			sourceTree = "<group>";
		};
/* End PBXVariantGroup section */

/* Begin XCBuildConfiguration section */
		6687A2571C2CEB6F00D9C878 /* Debug */ = {
			isa = XCBuildConfiguration;
			buildSettings = {
				ALWAYS_SEARCH_USER_PATHS = NO;
				CLANG_CXX_LANGUAGE_STANDARD = "gnu++0x";
				CLANG_CXX_LIBRARY = "libc++";
				CLANG_ENABLE_MODULES = YES;
				CLANG_ENABLE_OBJC_ARC = YES;
				CLANG_WARN_BOOL_CONVERSION = YES;
				CLANG_WARN_CONSTANT_CONVERSION = YES;
				CLANG_WARN_DIRECT_OBJC_ISA_USAGE = YES_ERROR;
				CLANG_WARN_EMPTY_BODY = YES;
				CLANG_WARN_ENUM_CONVERSION = YES;
				CLANG_WARN_INT_CONVERSION = YES;
				CLANG_WARN_OBJC_ROOT_CLASS = YES_ERROR;
				CLANG_WARN_UNREACHABLE_CODE = YES;
				CLANG_WARN__DUPLICATE_METHOD_MATCH = YES;
				"CODE_SIGN_IDENTITY[sdk=iphoneos*]" = "iPhone Developer";
				COPY_PHASE_STRIP = NO;
				DEBUG_INFORMATION_FORMAT = dwarf;
				ENABLE_STRICT_OBJC_MSGSEND = YES;
				ENABLE_TESTABILITY = YES;
				GCC_C_LANGUAGE_STANDARD = gnu99;
				GCC_DYNAMIC_NO_PIC = NO;
				GCC_NO_COMMON_BLOCKS = YES;
				GCC_OPTIMIZATION_LEVEL = 0;
				GCC_PREPROCESSOR_DEFINITIONS = (
					"DEBUG=1",
					"$(inherited)",
				);
				GCC_WARN_64_TO_32_BIT_CONVERSION = YES;
				GCC_WARN_ABOUT_RETURN_TYPE = YES_ERROR;
				GCC_WARN_UNDECLARED_SELECTOR = YES;
				GCC_WARN_UNINITIALIZED_AUTOS = YES_AGGRESSIVE;
				GCC_WARN_UNUSED_FUNCTION = YES;
				GCC_WARN_UNUSED_VARIABLE = YES;
				IPHONEOS_DEPLOYMENT_TARGET = 9.2;
				MTL_ENABLE_DEBUG_INFO = YES;
				ONLY_ACTIVE_ARCH = YES;
				SDKROOT = iphoneos;
			};
			name = Debug;
		};
		6687A2581C2CEB6F00D9C878 /* Release */ = {
			isa = XCBuildConfiguration;
			buildSettings = {
				ALWAYS_SEARCH_USER_PATHS = NO;
				CLANG_CXX_LANGUAGE_STANDARD = "gnu++0x";
				CLANG_CXX_LIBRARY = "libc++";
				CLANG_ENABLE_MODULES = YES;
				CLANG_ENABLE_OBJC_ARC = YES;
				CLANG_WARN_BOOL_CONVERSION = YES;
				CLANG_WARN_CONSTANT_CONVERSION = YES;
				CLANG_WARN_DIRECT_OBJC_ISA_USAGE = YES_ERROR;
				CLANG_WARN_EMPTY_BODY = YES;
				CLANG_WARN_ENUM_CONVERSION = YES;
				CLANG_WARN_INT_CONVERSION = YES;
				CLANG_WARN_OBJC_ROOT_CLASS = YES_ERROR;
				CLANG_WARN_UNREACHABLE_CODE = YES;
				CLANG_WARN__DUPLICATE_METHOD_MATCH = YES;
				"CODE_SIGN_IDENTITY[sdk=iphoneos*]" = "iPhone Developer";
				COPY_PHASE_STRIP = NO;
				DEBUG_INFORMATION_FORMAT = "dwarf-with-dsym";
				ENABLE_NS_ASSERTIONS = NO;
				ENABLE_STRICT_OBJC_MSGSEND = YES;
				GCC_C_LANGUAGE_STANDARD = gnu99;
				GCC_NO_COMMON_BLOCKS = YES;
				GCC_WARN_64_TO_32_BIT_CONVERSION = YES;
				GCC_WARN_ABOUT_RETURN_TYPE = YES_ERROR;
				GCC_WARN_UNDECLARED_SELECTOR = YES;
				GCC_WARN_UNINITIALIZED_AUTOS = YES_AGGRESSIVE;
				GCC_WARN_UNUSED_FUNCTION = YES;
				GCC_WARN_UNUSED_VARIABLE = YES;
				IPHONEOS_DEPLOYMENT_TARGET = 9.2;
				MTL_ENABLE_DEBUG_INFO = NO;
				SDKROOT = iphoneos;
				VALIDATE_PRODUCT = YES;
			};
			name = Release;
		};
		6687A25A1C2CEB6F00D9C878 /* Debug */ = {
			isa = XCBuildConfiguration;
			buildSettings = {
				ASSETCATALOG_COMPILER_APPICON_NAME = AppIcon;
				INFOPLIST_FILE = TestGroup/Info.plist;
				LD_RUNPATH_SEARCH_PATHS = "$(inherited) @executable_path/Frameworks";
				PRODUCT_BUNDLE_IDENTIFIER = com.dingdingzufangzi.TestGroup;
				PRODUCT_NAME = "$(TARGET_NAME)";
			};
			name = Debug;
		};
		6687A25B1C2CEB6F00D9C878 /* Release */ = {
			isa = XCBuildConfiguration;
			buildSettings = {
				ASSETCATALOG_COMPILER_APPICON_NAME = AppIcon;
				INFOPLIST_FILE = TestGroup/Info.plist;
				LD_RUNPATH_SEARCH_PATHS = "$(inherited) @executable_path/Frameworks";
				PRODUCT_BUNDLE_IDENTIFIER = com.dingdingzufangzi.TestGroup;
				PRODUCT_NAME = "$(TARGET_NAME)";
			};
			name = Release;
		};
/* End XCBuildConfiguration section */

/* Begin XCConfigurationList section */
		6687A23D1C2CEB6F00D9C878 /* Build configuration list for PBXProject "TestGroup" */ = {
			isa = XCConfigurationList;
			buildConfigurations = (
				6687A2571C2CEB6F00D9C878 /* Debug */,
				6687A2581C2CEB6F00D9C878 /* Release */,
			);
			defaultConfigurationIsVisible = 0;
			defaultConfigurationName = Release;
		};
		6687A2591C2CEB6F00D9C878 /* Build configuration list for PBXNativeTarget "TestGroup" */ = {
			isa = XCConfigurationList;
			buildConfigurations = (
				6687A25A1C2CEB6F00D9C878 /* Debug */,
				6687A25B1C2CEB6F00D9C878 /* Release */,
			);
			defaultConfigurationIsVisible = 0;
		};
/* End XCConfigurationList section */
	};
	rootObject = 6687A23A1C2CEB6F00D9C878 /* Project object */;
}
